
Microsoft Visual Studio Solution File, Format Version 12.00
# Visual Studio Version 16
VisualStudioVersion = 16.0.31129.286
MinimumVisualStudioVersion = 10.0.40219.1
Project("{159641D6-6404-4A2A-AE62-294DE0FE8301}") = "SimpleETLSSIS", "SimpleETLSSIS\SimpleETLSSIS.dtproj", "{29DABB7F-74FD-4089-960D-9DF9217BB2A3}"
EndProject
Global
	GlobalSection(SolutionConfigurationPlatforms) = preSolution
		Development|Default = Development|Default
	EndGlobalSection
	GlobalSection(ProjectConfigurationPlatforms) = postSolution
		{29DABB7F-74FD-4089-960D-9DF9217BB2A3}.Development|Default.ActiveCfg = Development
		{29DABB7F-74FD-4089-960D-9DF9217BB2A3}.Development|Default.Build.0 = Development
	EndGlobalSection
	GlobalSection(SolutionProperties) = preSolution
		HideSolutionNode = FALSE
	EndGlobalSection
	GlobalSection(ExtensibilityGlobals) = postSolution
		SolutionGuid = {0AE074E9-68E2-4EA6-BA3D-ED8F7B139BBE}
	EndGlobalSection
EndGlobal
